{
    "_readme": [
        "This file locks the dependencies of your project to a known state",
        "Read more about it at https://getcomposer.org/doc/01-basic-usage.md#installing-dependencies",
        "This file is @generated automatically"
    ],
    "content-hash": "5d781a49a6d48285554f5ef83c873f2b",
    "packages": [
        {
            "name": "firebase/php-jwt",
            "version": "v5.2.1",
            "source": {
                "type": "git",
                "url": "https://github.com/firebase/php-jwt.git",
                "reference": "f42c9110abe98dd6cfe9053c49bc86acc70b2d23"
            },
            "dist": {
                "type": "zip",
                "url": "https://api.github.com/repos/firebase/php-jwt/zipball/f42c9110abe98dd6cfe9053c49bc86acc70b2d23",
                "reference": "f42c9110abe98dd6cfe9053c49bc86acc70b2d23",
                "shasum": ""
            },
            "require": {
                "php": ">=5.3.0"
            },
            "require-dev": {
                "phpunit/phpunit": ">=4.8 <=9"
            },
            "type": "library",
            "autoload": {
                "psr-4": {
                    "Firebase\\JWT\\": "src"
                }
            },
            "notification-url": "https://packagist.org/downloads/",
            "license": [
                "BSD-3-Clause"
            ],
            "authors": [
                {
                    "name": "Neuman Vong",
                    "email": "neuman+pear@twilio.com",
                    "role": "Developer"
                },
                {
                    "name": "Anant Narayanan",
                    "email": "anant@php.net",
                    "role": "Developer"
                }
            ],
            "description": "A simple library to encode and decode JSON Web Tokens (JWT) in PHP. Should conform to the current spec.",
            "homepage": "https://github.com/firebase/php-jwt",
            "keywords": [
                "jwt",
                "php"
            ],
            "support": {
                "issues": "https://github.com/firebase/php-jwt/issues",
                "source": "https://github.com/firebase/php-jwt/tree/v5.2.1"
            },
            "time": "2021-02-12T00:02:00+00:00"
        },
        {
            "name": "isaac/gaze-hub",
            "version": "v0.1.0",
            "source": {
                "type": "git",
                "url": "https://github.com/isaaceindhoven/GazeHub.git",
                "reference": "ddecef96b811176a47636bde6014bda57129e59d"
            },
            "dist": {
                "type": "zip",
                "url": "https://api.github.com/repos/isaaceindhoven/GazeHub/zipball/ddecef96b811176a47636bde6014bda57129e59d",
                "reference": "ddecef96b811176a47636bde6014bda57129e59d",
                "shasum": ""
            },
            "require": {
                "php": "~7.3.0 || ~7.4.0 || ~8.0.0"
            },
            "bin": [
                "gazehub"
            ],
            "type": "library",
            "notification-url": "https://packagist.org/downloads/",
            "license": [
                "MIT"
            ],
            "description": "Gazehub",
            "support": {
                "issues": "https://github.com/isaaceindhoven/GazeHub/issues",
                "source": "https://github.com/isaaceindhoven/GazeHub/tree/v0.1.0"
            },
            "time": "2021-04-30T08:26:03+00:00"
        },
        {
            "name": "isaac/gaze-publisher",
            "version": "v0.1.0",
            "source": {
                "type": "git",
                "url": "https://github.com/isaaceindhoven/GazePublisher.git",
                "reference": "6e9ac5c5aece0424b51437e73bb5ca00972144c5"
            },
            "dist": {
                "type": "zip",
                "url": "https://api.github.com/repos/isaaceindhoven/GazePublisher/zipball/6e9ac5c5aece0424b51437e73bb5ca00972144c5",
                "reference": "6e9ac5c5aece0424b51437e73bb5ca00972144c5",
                "shasum": ""
            },
            "require": {
                "ext-curl": "*",
                "ext-json": "*",
                "firebase/php-jwt": "^5.2",
                "php": "~7.3.0 || ~7.4.0 || ~8.0.0"
            },
            "require-dev": {
                "isaac/php-code-sniffer-standard": "^21.0",
                "nunomaduro/collision": "^5.4",
                "phpstan/extension-installer": "^1.1",
                "phpstan/phpstan": "^0.12.84",
                "phpstan/phpstan-strict-rules": "^0.12.9",
                "phpunit/phpunit": "^9.5"
            },
            "type": "library",
            "autoload": {
                "psr-4": {
                    "ISAAC\\GazePublisher\\": "src/"
                }
            },
            "notification-url": "https://packagist.org/downloads/",
            "license": [
                "MIT"
            ],
            "description": "GazePublisher is the backend library that is responsible for sending data to GazeHub",
            "support": {
                "issues": "https://github.com/isaaceindhoven/GazePublisher/issues",
                "source": "https://github.com/isaaceindhoven/GazePublisher/tree/v0.1.0"
            },
            "time": "2021-04-30T08:38:25+00:00"
        }
    ],
    "packages-dev": [],
    "aliases": [],
    "minimum-stability": "stable",
    "stability-flags": [],
    "prefer-stable": false,
    "prefer-lowest": false,
    "platform": {
        "php": "~7.3.0 || ~7.4.0 || ~8.0.0"
    },
    "platform-dev": [],
    "plugin-api-version": "2.0.0"
}
